
Microsoft Visual Studio Solution File, Format Version 12.00
Project("{8BC9CEB8-8B4A-11D0-8D11-00A0C91BC942}") = "ERNavmeshGen", "ERNavmeshGen\ERNavmeshGen.vcxproj", "{BBE97A8F-B41C-4295-83DD-1361DD7B7810}"
EndProject
Project("{8BC9CEB8-8B4A-11D0-8D11-00A0C91BC942}") = "ERNavmeshGenTests", "ERNavmeshGenTests\ERNavmeshGenTests.vcxproj", "{5E175163-BE2F-4A82-8A92-94E7F2DD39D9}"
EndProject
Project("{FAE04EC0-301F-11D3-BF4B-00C04F79EFBC}") = "ERNavmeshGenCS", "ERNavmeshGenCS\ERNavmeshGenCS.csproj", "{BCAECAE1-F159-4C7E-B1DE-D5C1BEB30644}"
EndProject
Project("{8BC9CEB8-8B4A-11D0-8D11-00A0C91BC942}") = "ERNavmeshGenerator", "ERNavmeshGenerator\ERNavmeshGenerator.vcxproj", "{C716D779-C7D1-4F71-9F4C-2DECC5F9FAE5}"
EndProject
Global
	GlobalSection(SolutionConfigurationPlatforms) = preSolution
		Debug|Win32 = Debug|Win32
		Debug|x64 = Debug|x64
		Release|Win32 = Release|Win32
		Release|x64 = Release|x64
	EndGlobalSection
	GlobalSection(ProjectConfigurationPlatforms) = postSolution
		{BBE97A8F-B41C-4295-83DD-1361DD7B7810}.Debug|Win32.ActiveCfg = Debug|Win32
		{BBE97A8F-B41C-4295-83DD-1361DD7B7810}.Debug|Win32.Build.0 = Debug|Win32
		{BBE97A8F-B41C-4295-83DD-1361DD7B7810}.Debug|x64.ActiveCfg = Debug|x64
		{BBE97A8F-B41C-4295-83DD-1361DD7B7810}.Debug|x64.Build.0 = Debug|x64
		{BBE97A8F-B41C-4295-83DD-1361DD7B7810}.Release|Win32.ActiveCfg = Release|Win32
		{BBE97A8F-B41C-4295-83DD-1361DD7B7810}.Release|Win32.Build.0 = Release|Win32
		{BBE97A8F-B41C-4295-83DD-1361DD7B7810}.Release|x64.ActiveCfg = Release|x64
		{BBE97A8F-B41C-4295-83DD-1361DD7B7810}.Release|x64.Build.0 = Release|x64
		{5E175163-BE2F-4A82-8A92-94E7F2DD39D9}.Debug|Win32.ActiveCfg = Debug|Win32
		{5E175163-BE2F-4A82-8A92-94E7F2DD39D9}.Debug|Win32.Build.0 = Debug|Win32
		{5E175163-BE2F-4A82-8A92-94E7F2DD39D9}.Debug|x64.ActiveCfg = Debug|x64
		{5E175163-BE2F-4A82-8A92-94E7F2DD39D9}.Debug|x64.Build.0 = Debug|x64
		{5E175163-BE2F-4A82-8A92-94E7F2DD39D9}.Release|Win32.ActiveCfg = Release|Win32
		{5E175163-BE2F-4A82-8A92-94E7F2DD39D9}.Release|Win32.Build.0 = Release|Win32
		{5E175163-BE2F-4A82-8A92-94E7F2DD39D9}.Release|x64.ActiveCfg = Release|x64
		{5E175163-BE2F-4A82-8A92-94E7F2DD39D9}.Release|x64.Build.0 = Release|x64
		{BCAECAE1-F159-4C7E-B1DE-D5C1BEB30644}.Debug|Win32.ActiveCfg = Debug|Any CPU
		{BCAECAE1-F159-4C7E-B1DE-D5C1BEB30644}.Debug|Win32.Build.0 = Debug|Any CPU
		{BCAECAE1-F159-4C7E-B1DE-D5C1BEB30644}.Debug|x64.ActiveCfg = Debug|Any CPU
		{BCAECAE1-F159-4C7E-B1DE-D5C1BEB30644}.Debug|x64.Build.0 = Debug|Any CPU
		{BCAECAE1-F159-4C7E-B1DE-D5C1BEB30644}.Release|Win32.ActiveCfg = Release|Any CPU
		{BCAECAE1-F159-4C7E-B1DE-D5C1BEB30644}.Release|Win32.Build.0 = Release|Any CPU
		{BCAECAE1-F159-4C7E-B1DE-D5C1BEB30644}.Release|x64.ActiveCfg = Release|Any CPU
		{BCAECAE1-F159-4C7E-B1DE-D5C1BEB30644}.Release|x64.Build.0 = Release|Any CPU
		{C716D779-C7D1-4F71-9F4C-2DECC5F9FAE5}.Debug|Win32.ActiveCfg = Debug|Win32
		{C716D779-C7D1-4F71-9F4C-2DECC5F9FAE5}.Debug|Win32.Build.0 = Debug|Win32
		{C716D779-C7D1-4F71-9F4C-2DECC5F9FAE5}.Debug|x64.ActiveCfg = Debug|x64
		{C716D779-C7D1-4F71-9F4C-2DECC5F9FAE5}.Debug|x64.Build.0 = Debug|x64
		{C716D779-C7D1-4F71-9F4C-2DECC5F9FAE5}.Release|Win32.ActiveCfg = Release|Win32
		{C716D779-C7D1-4F71-9F4C-2DECC5F9FAE5}.Release|Win32.Build.0 = Release|Win32
		{C716D779-C7D1-4F71-9F4C-2DECC5F9FAE5}.Release|x64.ActiveCfg = Release|x64
		{C716D779-C7D1-4F71-9F4C-2DECC5F9FAE5}.Release|x64.Build.0 = Release|x64
	EndGlobalSection
EndGlobal
